
Microsoft Visual Studio Solution File, Format Version 12.00
# Visual Studio 15
VisualStudioVersion = 15.0.28307.421
MinimumVisualStudioVersion = 10.0.40219.1
Project("{FAE04EC0-301F-11D3-BF4B-00C04F79EFBC}") = "Display_The_Number", "Display_The_Number\Display_The_Number.csproj", "{E0B33849-5199-4FC8-ACBB-C67AC1D7D2CD}"
EndProject
Global
	GlobalSection(SolutionConfigurationPlatforms) = preSolution
		Debug|Any CPU = Debug|Any CPU
		Release|Any CPU = Release|Any CPU
	EndGlobalSection
	GlobalSection(ProjectConfigurationPlatforms) = postSolution
		{E0B33849-5199-4FC8-ACBB-C67AC1D7D2CD}.Debug|Any CPU.ActiveCfg = Debug|Any CPU
		{E0B33849-5199-4FC8-ACBB-C67AC1D7D2CD}.Debug|Any CPU.Build.0 = Debug|Any CPU
		{E0B33849-5199-4FC8-ACBB-C67AC1D7D2CD}.Release|Any CPU.ActiveCfg = Release|Any CPU
		{E0B33849-5199-4FC8-ACBB-C67AC1D7D2CD}.Release|Any CPU.Build.0 = Release|Any CPU
	EndGlobalSection
	GlobalSection(SolutionProperties) = preSolution
		HideSolutionNode = FALSE
	EndGlobalSection
	GlobalSection(ExtensibilityGlobals) = postSolution
		SolutionGuid = {588A0BAE-A85F-4945-A78C-65BB1F494E5B}
	EndGlobalSection
EndGlobal
